
Microsoft Visual Studio Solution File, Format Version 12.00
# Visual Studio Version 17
VisualStudioVersion = 17.0.31903.59
MinimumVisualStudioVersion = 10.0.40219.1
Project("{2150E333-8FDC-42A3-9474-1A3956D46DE8}") = "src", "src", "{827E0CD3-B72D-47B6-A68D-7590B98EB39B}"
EndProject
Project("{FAE04EC0-301F-11D3-BF4B-00C04F79EFBC}") = "CvStudio.Api", "src\CvStudio.Api\CvStudio.Api.csproj", "{5E0404CB-0F28-4972-80F7-159DB6C2111F}"
EndProject
Project("{FAE04EC0-301F-11D3-BF4B-00C04F79EFBC}") = "CvStudio.Application", "src\CvStudio.Application\CvStudio.Application.csproj", "{7DAB0124-6AB1-4007-B84C-9942B93A3304}"
EndProject
Project("{FAE04EC0-301F-11D3-BF4B-00C04F79EFBC}") = "CvStudio.Domain", "src\CvStudio.Domain\CvStudio.Domain.csproj", "{B8351F70-2B09-47E7-8970-9EC24CF1E92B}"
EndProject
Project("{FAE04EC0-301F-11D3-BF4B-00C04F79EFBC}") = "CvStudio.Infrastructure", "src\CvStudio.Infrastructure\CvStudio.Infrastructure.csproj", "{A70CE20F-7873-4EFB-A188-8A483481D43B}"
EndProject
Project("{FAE04EC0-301F-11D3-BF4B-00C04F79EFBC}") = "CvStudio.Blazor", "src\CvStudio.Blazor\CvStudio.Blazor.csproj", "{7DFD6CA8-B4B7-46A9-8E22-DB5DDF4A4F04}"
EndProject
Project("{2150E333-8FDC-42A3-9474-1A3956D46DE8}") = "tests", "tests", "{0AB3BF05-4346-4AA6-1389-037BE0695223}"
EndProject
Project("{FAE04EC0-301F-11D3-BF4B-00C04F79EFBC}") = "CvStudio.UnitTests", "tests\CvStudio.UnitTests\CvStudio.UnitTests.csproj", "{05BD571B-EBBD-48A3-A2CF-16FD368EB493}"
EndProject
Project("{FAE04EC0-301F-11D3-BF4B-00C04F79EFBC}") = "CvStudio.IntegrationTests", "tests\CvStudio.IntegrationTests\CvStudio.IntegrationTests.csproj", "{0369E7FE-E718-4FE5-BB38-593102F79CB9}"
EndProject
Global
	GlobalSection(SolutionConfigurationPlatforms) = preSolution
		Debug|Any CPU = Debug|Any CPU
		Debug|x64 = Debug|x64
		Debug|x86 = Debug|x86
		Release|Any CPU = Release|Any CPU
		Release|x64 = Release|x64
		Release|x86 = Release|x86
	EndGlobalSection
	GlobalSection(ProjectConfigurationPlatforms) = postSolution
		{5E0404CB-0F28-4972-80F7-159DB6C2111F}.Debug|Any CPU.ActiveCfg = Debug|Any CPU
		{5E0404CB-0F28-4972-80F7-159DB6C2111F}.Debug|Any CPU.Build.0 = Debug|Any CPU
		{5E0404CB-0F28-4972-80F7-159DB6C2111F}.Debug|x64.ActiveCfg = Debug|Any CPU
		{5E0404CB-0F28-4972-80F7-159DB6C2111F}.Debug|x64.Build.0 = Debug|Any CPU
		{5E0404CB-0F28-4972-80F7-159DB6C2111F}.Debug|x86.ActiveCfg = Debug|Any CPU
		{5E0404CB-0F28-4972-80F7-159DB6C2111F}.Debug|x86.Build.0 = Debug|Any CPU
		{5E0404CB-0F28-4972-80F7-159DB6C2111F}.Release|Any CPU.ActiveCfg = Release|Any CPU
		{5E0404CB-0F28-4972-80F7-159DB6C2111F}.Release|Any CPU.Build.0 = Release|Any CPU
		{5E0404CB-0F28-4972-80F7-159DB6C2111F}.Release|x64.ActiveCfg = Release|Any CPU
		{5E0404CB-0F28-4972-80F7-159DB6C2111F}.Release|x64.Build.0 = Release|Any CPU
		{5E0404CB-0F28-4972-80F7-159DB6C2111F}.Release|x86.ActiveCfg = Release|Any CPU
		{5E0404CB-0F28-4972-80F7-159DB6C2111F}.Release|x86.Build.0 = Release|Any CPU
		{7DAB0124-6AB1-4007-B84C-9942B93A3304}.Debug|Any CPU.ActiveCfg = Debug|Any CPU
		{7DAB0124-6AB1-4007-B84C-9942B93A3304}.Debug|Any CPU.Build.0 = Debug|Any CPU
		{7DAB0124-6AB1-4007-B84C-9942B93A3304}.Debug|x64.ActiveCfg = Debug|Any CPU
		{7DAB0124-6AB1-4007-B84C-9942B93A3304}.Debug|x64.Build.0 = Debug|Any CPU
		{7DAB0124-6AB1-4007-B84C-9942B93A3304}.Debug|x86.ActiveCfg = Debug|Any CPU
		{7DAB0124-6AB1-4007-B84C-9942B93A3304}.Debug|x86.Build.0 = Debug|Any CPU
		{7DAB0124-6AB1-4007-B84C-9942B93A3304}.Release|Any CPU.ActiveCfg = Release|Any CPU
		{7DAB0124-6AB1-4007-B84C-9942B93A3304}.Release|Any CPU.Build.0 = Release|Any CPU
		{7DAB0124-6AB1-4007-B84C-9942B93A3304}.Release|x64.ActiveCfg = Release|Any CPU
		{7DAB0124-6AB1-4007-B84C-9942B93A3304}.Release|x64.Build.0 = Release|Any CPU
		{7DAB0124-6AB1-4007-B84C-9942B93A3304}.Release|x86.ActiveCfg = Release|Any CPU
		{7DAB0124-6AB1-4007-B84C-9942B93A3304}.Release|x86.Build.0 = Release|Any CPU
		{B8351F70-2B09-47E7-8970-9EC24CF1E92B}.Debug|Any CPU.ActiveCfg = Debug|Any CPU
		{B8351F70-2B09-47E7-8970-9EC24CF1E92B}.Debug|Any CPU.Build.0 = Debug|Any CPU
		{B8351F70-2B09-47E7-8970-9EC24CF1E92B}.Debug|x64.ActiveCfg = Debug|Any CPU
		{B8351F70-2B09-47E7-8970-9EC24CF1E92B}.Debug|x64.Build.0 = Debug|Any CPU
		{B8351F70-2B09-47E7-8970-9EC24CF1E92B}.Debug|x86.ActiveCfg = Debug|Any CPU
		{B8351F70-2B09-47E7-8970-9EC24CF1E92B}.Debug|x86.Build.0 = Debug|Any CPU
		{B8351F70-2B09-47E7-8970-9EC24CF1E92B}.Release|Any CPU.ActiveCfg = Release|Any CPU
		{B8351F70-2B09-47E7-8970-9EC24CF1E92B}.Release|Any CPU.Build.0 = Release|Any CPU
		{B8351F70-2B09-47E7-8970-9EC24CF1E92B}.Release|x64.ActiveCfg = Release|Any CPU
		{B8351F70-2B09-47E7-8970-9EC24CF1E92B}.Release|x64.Build.0 = Release|Any CPU
		{B8351F70-2B09-47E7-8970-9EC24CF1E92B}.Release|x86.ActiveCfg = Release|Any CPU
		{B8351F70-2B09-47E7-8970-9EC24CF1E92B}.Release|x86.Build.0 = Release|Any CPU
		{A70CE20F-7873-4EFB-A188-8A483481D43B}.Debug|Any CPU.ActiveCfg = Debug|Any CPU
		{A70CE20F-7873-4EFB-A188-8A483481D43B}.Debug|Any CPU.Build.0 = Debug|Any CPU
		{A70CE20F-7873-4EFB-A188-8A483481D43B}.Debug|x64.ActiveCfg = Debug|Any CPU
		{A70CE20F-7873-4EFB-A188-8A483481D43B}.Debug|x64.Build.0 = Debug|Any CPU
		{A70CE20F-7873-4EFB-A188-8A483481D43B}.Debug|x86.ActiveCfg = Debug|Any CPU
		{A70CE20F-7873-4EFB-A188-8A483481D43B}.Debug|x86.Build.0 = Debug|Any CPU
		{A70CE20F-7873-4EFB-A188-8A483481D43B}.Release|Any CPU.ActiveCfg = Release|Any CPU
		{A70CE20F-7873-4EFB-A188-8A483481D43B}.Release|Any CPU.Build.0 = Release|Any CPU
		{A70CE20F-7873-4EFB-A188-8A483481D43B}.Release|x64.ActiveCfg = Release|Any CPU
		{A70CE20F-7873-4EFB-A188-8A483481D43B}.Release|x64.Build.0 = Release|Any CPU
		{A70CE20F-7873-4EFB-A188-8A483481D43B}.Release|x86.ActiveCfg = Release|Any CPU
		{A70CE20F-7873-4EFB-A188-8A483481D43B}.Release|x86.Build.0 = Release|Any CPU
		{7DFD6CA8-B4B7-46A9-8E22-DB5DDF4A4F04}.Debug|Any CPU.ActiveCfg = Debug|Any CPU
		{7DFD6CA8-B4B7-46A9-8E22-DB5DDF4A4F04}.Debug|Any CPU.Build.0 = Debug|Any CPU
		{7DFD6CA8-B4B7-46A9-8E22-DB5DDF4A4F04}.Debug|x64.ActiveCfg = Debug|Any CPU
		{7DFD6CA8-B4B7-46A9-8E22-DB5DDF4A4F04}.Debug|x64.Build.0 = Debug|Any CPU
		{7DFD6CA8-B4B7-46A9-8E22-DB5DDF4A4F04}.Debug|x86.ActiveCfg = Debug|Any CPU
		{7DFD6CA8-B4B7-46A9-8E22-DB5DDF4A4F04}.Debug|x86.Build.0 = Debug|Any CPU
		{7DFD6CA8-B4B7-46A9-8E22-DB5DDF4A4F04}.Release|Any CPU.ActiveCfg = Release|Any CPU
		{7DFD6CA8-B4B7-46A9-8E22-DB5DDF4A4F04}.Release|Any CPU.Build.0 = Release|Any CPU
		{7DFD6CA8-B4B7-46A9-8E22-DB5DDF4A4F04}.Release|x64.ActiveCfg = Release|Any CPU
		{7DFD6CA8-B4B7-46A9-8E22-DB5DDF4A4F04}.Release|x64.Build.0 = Release|Any CPU
		{7DFD6CA8-B4B7-46A9-8E22-DB5DDF4A4F04}.Release|x86.ActiveCfg = Release|Any CPU
		{7DFD6CA8-B4B7-46A9-8E22-DB5DDF4A4F04}.Release|x86.Build.0 = Release|Any CPU
		{05BD571B-EBBD-48A3-A2CF-16FD368EB493}.Debug|Any CPU.ActiveCfg = Debug|Any CPU
		{05BD571B-EBBD-48A3-A2CF-16FD368EB493}.Debug|Any CPU.Build.0 = Debug|Any CPU
		{05BD571B-EBBD-48A3-A2CF-16FD368EB493}.Debug|x64.ActiveCfg = Debug|Any CPU
		{05BD571B-EBBD-48A3-A2CF-16FD368EB493}.Debug|x64.Build.0 = Debug|Any CPU
		{05BD571B-EBBD-48A3-A2CF-16FD368EB493}.Debug|x86.ActiveCfg = Debug|Any CPU
		{05BD571B-EBBD-48A3-A2CF-16FD368EB493}.Debug|x86.Build.0 = Debug|Any CPU
		{05BD571B-EBBD-48A3-A2CF-16FD368EB493}.Release|Any CPU.ActiveCfg = Release|Any CPU
		{05BD571B-EBBD-48A3-A2CF-16FD368EB493}.Release|Any CPU.Build.0 = Release|Any CPU
		{05BD571B-EBBD-48A3-A2CF-16FD368EB493}.Release|x64.ActiveCfg = Release|Any CPU
		{05BD571B-EBBD-48A3-A2CF-16FD368EB493}.Release|x64.Build.0 = Release|Any CPU
		{05BD571B-EBBD-48A3-A2CF-16FD368EB493}.Release|x86.ActiveCfg = Release|Any CPU
		{05BD571B-EBBD-48A3-A2CF-16FD368EB493}.Release|x86.Build.0 = Release|Any CPU
		{0369E7FE-E718-4FE5-BB38-593102F79CB9}.Debug|Any CPU.ActiveCfg = Debug|Any CPU
		{0369E7FE-E718-4FE5-BB38-593102F79CB9}.Debug|Any CPU.Build.0 = Debug|Any CPU
		{0369E7FE-E718-4FE5-BB38-593102F79CB9}.Debug|x64.ActiveCfg = Debug|Any CPU
		{0369E7FE-E718-4FE5-BB38-593102F79CB9}.Debug|x64.Build.0 = Debug|Any CPU
		{0369E7FE-E718-4FE5-BB38-593102F79CB9}.Debug|x86.ActiveCfg = Debug|Any CPU
		{0369E7FE-E718-4FE5-BB38-593102F79CB9}.Debug|x86.Build.0 = Debug|Any CPU
		{0369E7FE-E718-4FE5-BB38-593102F79CB9}.Release|Any CPU.ActiveCfg = Release|Any CPU
		{0369E7FE-E718-4FE5-BB38-593102F79CB9}.Release|Any CPU.Build.0 = Release|Any CPU
		{0369E7FE-E718-4FE5-BB38-593102F79CB9}.Release|x64.ActiveCfg = Release|Any CPU
		{0369E7FE-E718-4FE5-BB38-593102F79CB9}.Release|x64.Build.0 = Release|Any CPU
		{0369E7FE-E718-4FE5-BB38-593102F79CB9}.Release|x86.ActiveCfg = Release|Any CPU
		{0369E7FE-E718-4FE5-BB38-593102F79CB9}.Release|x86.Build.0 = Release|Any CPU
	EndGlobalSection
	GlobalSection(SolutionProperties) = preSolution
		HideSolutionNode = FALSE
	EndGlobalSection
	GlobalSection(NestedProjects) = preSolution
		{5E0404CB-0F28-4972-80F7-159DB6C2111F} = {827E0CD3-B72D-47B6-A68D-7590B98EB39B}
		{7DAB0124-6AB1-4007-B84C-9942B93A3304} = {827E0CD3-B72D-47B6-A68D-7590B98EB39B}
		{B8351F70-2B09-47E7-8970-9EC24CF1E92B} = {827E0CD3-B72D-47B6-A68D-7590B98EB39B}
		{A70CE20F-7873-4EFB-A188-8A483481D43B} = {827E0CD3-B72D-47B6-A68D-7590B98EB39B}
		{7DFD6CA8-B4B7-46A9-8E22-DB5DDF4A4F04} = {827E0CD3-B72D-47B6-A68D-7590B98EB39B}
		{05BD571B-EBBD-48A3-A2CF-16FD368EB493} = {0AB3BF05-4346-4AA6-1389-037BE0695223}
		{0369E7FE-E718-4FE5-BB38-593102F79CB9} = {0AB3BF05-4346-4AA6-1389-037BE0695223}
	EndGlobalSection
EndGlobal
